// !$*UTF8*$!
{
	archiveVersion = 1;
	classes = {
	};
	objectVersion = 55;
	objects = {

/* Begin PBXBuildFile section */
		E737E02D27E7E6B1007067AD /* PhotoCarouselView.swift in Sources */ = {isa = PBXBuildFile; fileRef = E737E02C27E7E6B1007067AD /* PhotoCarouselView.swift */; };
		E737E02F27E7E6C6007067AD /* PhotoCarouselViewModel.swift in Sources */ = {isa = PBXBuildFile; fileRef = E737E02E27E7E6C6007067AD /* PhotoCarouselViewModel.swift */; };
		E737E03B27EAA417007067AD /* Photo.swift in Sources */ = {isa = PBXBuildFile; fileRef = E737E03A27EAA417007067AD /* Photo.swift */; };
		E74AA63727E5068D00733319 /* GalleryView.swift in Sources */ = {isa = PBXBuildFile; fileRef = E74AA63627E5068D00733319 /* GalleryView.swift */; };
		E74AA63A27E506A500733319 /* GalleryViewModel.swift in Sources */ = {isa = PBXBuildFile; fileRef = E74AA63927E506A500733319 /* GalleryViewModel.swift */; };
		E74AA63D27E5152300733319 /* StoredPhoto.swift in Sources */ = {isa = PBXBuildFile; fileRef = E74AA63C27E5152300733319 /* StoredPhoto.swift */; };
		E787F7E827E52F0500540F06 /* Storage.swift in Sources */ = {isa = PBXBuildFile; fileRef = E787F7E727E52F0500540F06 /* Storage.swift */; };
		E787F7EA27E5502400540F06 /* ImagePicker.swift in Sources */ = {isa = PBXBuildFile; fileRef = E787F7E927E5502400540F06 /* ImagePicker.swift */; };
		E7AC19D027E29D13003B9407 /* PhotoApp.swift in Sources */ = {isa = PBXBuildFile; fileRef = E7AC19CF27E29D13003B9407 /* PhotoApp.swift */; };
		E7AC19D227E29D13003B9407 /* ContentView.swift in Sources */ = {isa = PBXBuildFile; fileRef = E7AC19D127E29D13003B9407 /* ContentView.swift */; };
		E7AC19D427E29D15003B9407 /* Assets.xcassets in Resources */ = {isa = PBXBuildFile; fileRef = E7AC19D327E29D15003B9407 /* Assets.xcassets */; };
		E7AC19D727E29D15003B9407 /* Preview Assets.xcassets in Resources */ = {isa = PBXBuildFile; fileRef = E7AC19D627E29D15003B9407 /* Preview Assets.xcassets */; };
		E7AC19E027E2A14B003B9407 /* LoginView.swift in Sources */ = {isa = PBXBuildFile; fileRef = E7AC19DF27E2A14B003B9407 /* LoginView.swift */; };
		E7AC19E227E2A15A003B9407 /* LoginViewModel.swift in Sources */ = {isa = PBXBuildFile; fileRef = E7AC19E127E2A15A003B9407 /* LoginViewModel.swift */; };
		E7AC19E627E2AC39003B9407 /* Color+Extensions.swift in Sources */ = {isa = PBXBuildFile; fileRef = E7AC19E527E2AC39003B9407 /* Color+Extensions.swift */; };
		E7AC19EA27E2B43D003B9407 /* PasswordField.swift in Sources */ = {isa = PBXBuildFile; fileRef = E7AC19E927E2B43D003B9407 /* PasswordField.swift */; };
		E7AC19ED27E2B4C6003B9407 /* TextFieldModifier.swift in Sources */ = {isa = PBXBuildFile; fileRef = E7AC19EC27E2B4C6003B9407 /* TextFieldModifier.swift */; };
		E7AC19F527E3D30D003B9407 /* RegisterView.swift in Sources */ = {isa = PBXBuildFile; fileRef = E7AC19F427E3D30D003B9407 /* RegisterView.swift */; };
		E7AC19F727E3D36B003B9407 /* RegisterViewModel.swift in Sources */ = {isa = PBXBuildFile; fileRef = E7AC19F627E3D36B003B9407 /* RegisterViewModel.swift */; };
		E7AC19F927E3F932003B9407 /* String+Extensions.swift in Sources */ = {isa = PBXBuildFile; fileRef = E7AC19F827E3F932003B9407 /* String+Extensions.swift */; };
		E7AC1A0127E40447003B9407 /* Localizable.strings in Resources */ = {isa = PBXBuildFile; fileRef = E7AC1A0327E40447003B9407 /* Localizable.strings */; };
		E7AC1A0627E409D6003B9407 /* LoginFields.swift in Sources */ = {isa = PBXBuildFile; fileRef = E7AC1A0527E409D5003B9407 /* LoginFields.swift */; };
		E7AC1A0827E40C54003B9407 /* AcceptButton.swift in Sources */ = {isa = PBXBuildFile; fileRef = E7AC1A0727E40C54003B9407 /* AcceptButton.swift */; };
/* End PBXBuildFile section */

/* Begin PBXFileReference section */
		E737E02C27E7E6B1007067AD /* PhotoCarouselView.swift */ = {isa = PBXFileReference; lastKnownFileType = sourcecode.swift; path = PhotoCarouselView.swift; sourceTree = "<group>"; };
		E737E02E27E7E6C6007067AD /* PhotoCarouselViewModel.swift */ = {isa = PBXFileReference; lastKnownFileType = sourcecode.swift; path = PhotoCarouselViewModel.swift; sourceTree = "<group>"; };
		E737E03A27EAA417007067AD /* Photo.swift */ = {isa = PBXFileReference; lastKnownFileType = sourcecode.swift; path = Photo.swift; sourceTree = "<group>"; };
		E74AA63627E5068D00733319 /* GalleryView.swift */ = {isa = PBXFileReference; lastKnownFileType = sourcecode.swift; path = GalleryView.swift; sourceTree = "<group>"; };
		E74AA63927E506A500733319 /* GalleryViewModel.swift */ = {isa = PBXFileReference; lastKnownFileType = sourcecode.swift; path = GalleryViewModel.swift; sourceTree = "<group>"; };
		E74AA63C27E5152300733319 /* StoredPhoto.swift */ = {isa = PBXFileReference; lastKnownFileType = sourcecode.swift; path = StoredPhoto.swift; sourceTree = "<group>"; };
		E787F7E727E52F0500540F06 /* Storage.swift */ = {isa = PBXFileReference; lastKnownFileType = sourcecode.swift; path = Storage.swift; sourceTree = "<group>"; };
		E787F7E927E5502400540F06 /* ImagePicker.swift */ = {isa = PBXFileReference; lastKnownFileType = sourcecode.swift; path = ImagePicker.swift; sourceTree = "<group>"; };
		E7AC19CC27E29D13003B9407 /* PhotoApp.app */ = {isa = PBXFileReference; explicitFileType = wrapper.application; includeInIndex = 0; path = PhotoApp.app; sourceTree = BUILT_PRODUCTS_DIR; };
		E7AC19CF27E29D13003B9407 /* PhotoApp.swift */ = {isa = PBXFileReference; lastKnownFileType = sourcecode.swift; path = PhotoApp.swift; sourceTree = "<group>"; };
		E7AC19D127E29D13003B9407 /* ContentView.swift */ = {isa = PBXFileReference; lastKnownFileType = sourcecode.swift; path = ContentView.swift; sourceTree = "<group>"; };
		E7AC19D327E29D15003B9407 /* Assets.xcassets */ = {isa = PBXFileReference; lastKnownFileType = folder.assetcatalog; path = Assets.xcassets; sourceTree = "<group>"; };
		E7AC19D627E29D15003B9407 /* Preview Assets.xcassets */ = {isa = PBXFileReference; lastKnownFileType = folder.assetcatalog; path = "Preview Assets.xcassets"; sourceTree = "<group>"; };
		E7AC19DF27E2A14B003B9407 /* LoginView.swift */ = {isa = PBXFileReference; lastKnownFileType = sourcecode.swift; path = LoginView.swift; sourceTree = "<group>"; };
		E7AC19E127E2A15A003B9407 /* LoginViewModel.swift */ = {isa = PBXFileReference; lastKnownFileType = sourcecode.swift; path = LoginViewModel.swift; sourceTree = "<group>"; };
		E7AC19E527E2AC39003B9407 /* Color+Extensions.swift */ = {isa = PBXFileReference; lastKnownFileType = sourcecode.swift; path = "Color+Extensions.swift"; sourceTree = "<group>"; };
		E7AC19E927E2B43D003B9407 /* PasswordField.swift */ = {isa = PBXFileReference; lastKnownFileType = sourcecode.swift; path = PasswordField.swift; sourceTree = "<group>"; };
		E7AC19EC27E2B4C6003B9407 /* TextFieldModifier.swift */ = {isa = PBXFileReference; lastKnownFileType = sourcecode.swift; path = TextFieldModifier.swift; sourceTree = "<group>"; };
		E7AC19F427E3D30D003B9407 /* RegisterView.swift */ = {isa = PBXFileReference; lastKnownFileType = sourcecode.swift; path = RegisterView.swift; sourceTree = "<group>"; };
		E7AC19F627E3D36B003B9407 /* RegisterViewModel.swift */ = {isa = PBXFileReference; lastKnownFileType = sourcecode.swift; path = RegisterViewModel.swift; sourceTree = "<group>"; };
		E7AC19F827E3F932003B9407 /* String+Extensions.swift */ = {isa = PBXFileReference; lastKnownFileType = sourcecode.swift; path = "String+Extensions.swift"; sourceTree = "<group>"; };
		E7AC1A0227E40447003B9407 /* ru */ = {isa = PBXFileReference; lastKnownFileType = text.plist.strings; name = ru; path = ru.lproj/Localizable.strings; sourceTree = "<group>"; };
		E7AC1A0427E4044A003B9407 /* en */ = {isa = PBXFileReference; lastKnownFileType = text.plist.strings; name = en; path = en.lproj/Localizable.strings; sourceTree = "<group>"; };
		E7AC1A0527E409D5003B9407 /* LoginFields.swift */ = {isa = PBXFileReference; lastKnownFileType = sourcecode.swift; path = LoginFields.swift; sourceTree = "<group>"; };
		E7AC1A0727E40C54003B9407 /* AcceptButton.swift */ = {isa = PBXFileReference; lastKnownFileType = sourcecode.swift; path = AcceptButton.swift; sourceTree = "<group>"; };
/* End PBXFileReference section */

/* Begin PBXFrameworksBuildPhase section */
		E7AC19C927E29D13003B9407 /* Frameworks */ = {
			isa = PBXFrameworksBuildPhase;
			buildActionMask = 2147483647;
			files = (
			);
			runOnlyForDeploymentPostprocessing = 0;
		};
/* End PBXFrameworksBuildPhase section */

/* Begin PBXGroup section */
		E737E02B27E7E680007067AD /* PhotoCarousel */ = {
			isa = PBXGroup;
			children = (
				E737E02C27E7E6B1007067AD /* PhotoCarouselView.swift */,
				E737E02E27E7E6C6007067AD /* PhotoCarouselViewModel.swift */,
			);
			path = PhotoCarousel;
			sourceTree = "<group>";
		};
		E74AA63527E5067C00733319 /* Gallery */ = {
			isa = PBXGroup;
			children = (
				E737E02B27E7E680007067AD /* PhotoCarousel */,
				E74AA63827E5069500733319 /* GalleryView */,
			);
			path = Gallery;
			sourceTree = "<group>";
		};
		E74AA63827E5069500733319 /* GalleryView */ = {
			isa = PBXGroup;
			children = (
				E74AA63627E5068D00733319 /* GalleryView.swift */,
				E74AA63927E506A500733319 /* GalleryViewModel.swift */,
			);
			path = GalleryView;
			sourceTree = "<group>";
		};
		E74AA63B27E5150D00733319 /* Models */ = {
			isa = PBXGroup;
			children = (
				E74AA63C27E5152300733319 /* StoredPhoto.swift */,
				E737E03A27EAA417007067AD /* Photo.swift */,
			);
			path = Models;
			sourceTree = "<group>";
		};
		E74AA63E27E52E3300733319 /* Storage */ = {
			isa = PBXGroup;
			children = (
				E787F7E727E52F0500540F06 /* Storage.swift */,
			);
			path = Storage;
			sourceTree = "<group>";
		};
		E7AC19C327E29D13003B9407 = {
			isa = PBXGroup;
			children = (
				E7AC19CE27E29D13003B9407 /* PhotoApp */,
				E7AC19CD27E29D13003B9407 /* Products */,
			);
			sourceTree = "<group>";
		};
		E7AC19CD27E29D13003B9407 /* Products */ = {
			isa = PBXGroup;
			children = (
				E7AC19CC27E29D13003B9407 /* PhotoApp.app */,
			);
			name = Products;
			sourceTree = "<group>";
		};
		E7AC19CE27E29D13003B9407 /* PhotoApp */ = {
			isa = PBXGroup;
			children = (
				E74AA63E27E52E3300733319 /* Storage */,
				E74AA63B27E5150D00733319 /* Models */,
				E7AC19EB27E2B4A5003B9407 /* Modifiers */,
				E7AC19E827E2B411003B9407 /* UI */,
				E7AC19E727E2B400003B9407 /* UIComponents */,
				E7AC19E327E2AC15003B9407 /* Utils */,
				E7AC19FA27E3F94C003B9407 /* Resources */,
				E7AC19CF27E29D13003B9407 /* PhotoApp.swift */,
				E7AC19D127E29D13003B9407 /* ContentView.swift */,
				E7AC19D527E29D15003B9407 /* Preview Content */,
			);
			path = PhotoApp;
			sourceTree = "<group>";
		};
		E7AC19D527E29D15003B9407 /* Preview Content */ = {
			isa = PBXGroup;
			children = (
				E7AC19D627E29D15003B9407 /* Preview Assets.xcassets */,
			);
			path = "Preview Content";
			sourceTree = "<group>";
		};
		E7AC19DD27E2A11C003B9407 /* Login */ = {
			isa = PBXGroup;
			children = (
				E7AC19DE27E2A131003B9407 /* LoginView */,
				E7AC19F327E3D2F9003B9407 /* RegisterView */,
			);
			path = Login;
			sourceTree = "<group>";
		};
		E7AC19DE27E2A131003B9407 /* LoginView */ = {
			isa = PBXGroup;
			children = (
				E7AC19DF27E2A14B003B9407 /* LoginView.swift */,
				E7AC19E127E2A15A003B9407 /* LoginViewModel.swift */,
			);
			path = LoginView;
			sourceTree = "<group>";
		};
		E7AC19E327E2AC15003B9407 /* Utils */ = {
			isa = PBXGroup;
			children = (
				E7AC19E427E2AC20003B9407 /* Extensions */,
				E787F7E927E5502400540F06 /* ImagePicker.swift */,
			);
			path = Utils;
			sourceTree = "<group>";
		};
		E7AC19E427E2AC20003B9407 /* Extensions */ = {
			isa = PBXGroup;
			children = (
				E7AC19E527E2AC39003B9407 /* Color+Extensions.swift */,
				E7AC19F827E3F932003B9407 /* String+Extensions.swift */,
			);
			path = Extensions;
			sourceTree = "<group>";
		};
		E7AC19E727E2B400003B9407 /* UIComponents */ = {
			isa = PBXGroup;
			children = (
				E7AC19E927E2B43D003B9407 /* PasswordField.swift */,
				E7AC1A0527E409D5003B9407 /* LoginFields.swift */,
				E7AC1A0727E40C54003B9407 /* AcceptButton.swift */,
			);
			path = UIComponents;
			sourceTree = "<group>";
		};
		E7AC19E827E2B411003B9407 /* UI */ = {
			isa = PBXGroup;
			children = (
				E74AA63527E5067C00733319 /* Gallery */,
				E7AC19DD27E2A11C003B9407 /* Login */,
			);
			path = UI;
			sourceTree = "<group>";
		};
		E7AC19EB27E2B4A5003B9407 /* Modifiers */ = {
			isa = PBXGroup;
			children = (
				E7AC19EC27E2B4C6003B9407 /* TextFieldModifier.swift */,
			);
			path = Modifiers;
			sourceTree = "<group>";
		};
		E7AC19F327E3D2F9003B9407 /* RegisterView */ = {
			isa = PBXGroup;
			children = (
				E7AC19F427E3D30D003B9407 /* RegisterView.swift */,
				E7AC19F627E3D36B003B9407 /* RegisterViewModel.swift */,
			);
			path = RegisterView;
			sourceTree = "<group>";
		};
		E7AC19FA27E3F94C003B9407 /* Resources */ = {
			isa = PBXGroup;
			children = (
				E7AC19D327E29D15003B9407 /* Assets.xcassets */,
				E7AC1A0327E40447003B9407 /* Localizable.strings */,
			);
			path = Resources;
			sourceTree = "<group>";
		};
/* End PBXGroup section */

/* Begin PBXNativeTarget section */
		E7AC19CB27E29D13003B9407 /* PhotoApp */ = {
			isa = PBXNativeTarget;
			buildConfigurationList = E7AC19DA27E29D15003B9407 /* Build configuration list for PBXNativeTarget "PhotoApp" */;
			buildPhases = (
				E7AC19C827E29D13003B9407 /* Sources */,
				E7AC19C927E29D13003B9407 /* Frameworks */,
				E7AC19CA27E29D13003B9407 /* Resources */,
			);
			buildRules = (
			);
			dependencies = (
			);
			name = PhotoApp;
			productName = PhotoApp;
			productReference = E7AC19CC27E29D13003B9407 /* PhotoApp.app */;
			productType = "com.apple.product-type.application";
		};
/* End PBXNativeTarget section */

/* Begin PBXProject section */
		E7AC19C427E29D13003B9407 /* Project object */ = {
			isa = PBXProject;
			attributes = {
				BuildIndependentTargetsInParallel = 1;
				LastSwiftUpdateCheck = 1330;
				LastUpgradeCheck = 1330;
				TargetAttributes = {
					E7AC19CB27E29D13003B9407 = {
						CreatedOnToolsVersion = 13.3;
					};
				};
			};
			buildConfigurationList = E7AC19C727E29D13003B9407 /* Build configuration list for PBXProject "PhotoApp" */;
			compatibilityVersion = "Xcode 13.0";
			developmentRegion = en;
			hasScannedForEncodings = 0;
			knownRegions = (
				en,
				Base,
				ru,
			);
			mainGroup = E7AC19C327E29D13003B9407;
			productRefGroup = E7AC19CD27E29D13003B9407 /* Products */;
			projectDirPath = "";
			projectRoot = "";
			targets = (
				E7AC19CB27E29D13003B9407 /* PhotoApp */,
			);
		};
/* End PBXProject section */

/* Begin PBXResourcesBuildPhase section */
		E7AC19CA27E29D13003B9407 /* Resources */ = {
			isa = PBXResourcesBuildPhase;
			buildActionMask = 2147483647;
			files = (
				E7AC19D727E29D15003B9407 /* Preview Assets.xcassets in Resources */,
				E7AC1A0127E40447003B9407 /* Localizable.strings in Resources */,
				E7AC19D427E29D15003B9407 /* Assets.xcassets in Resources */,
			);
			runOnlyForDeploymentPostprocessing = 0;
		};
/* End PBXResourcesBuildPhase section */

/* Begin PBXSourcesBuildPhase section */
		E7AC19C827E29D13003B9407 /* Sources */ = {
			isa = PBXSourcesBuildPhase;
			buildActionMask = 2147483647;
			files = (
				E7AC19F927E3F932003B9407 /* String+Extensions.swift in Sources */,
				E74AA63A27E506A500733319 /* GalleryViewModel.swift in Sources */,
				E7AC1A0827E40C54003B9407 /* AcceptButton.swift in Sources */,
				E787F7EA27E5502400540F06 /* ImagePicker.swift in Sources */,
				E737E03B27EAA417007067AD /* Photo.swift in Sources */,
				E7AC19E627E2AC39003B9407 /* Color+Extensions.swift in Sources */,
				E737E02D27E7E6B1007067AD /* PhotoCarouselView.swift in Sources */,
				E7AC19EA27E2B43D003B9407 /* PasswordField.swift in Sources */,
				E74AA63727E5068D00733319 /* GalleryView.swift in Sources */,
				E7AC1A0627E409D6003B9407 /* LoginFields.swift in Sources */,
				E7AC19E227E2A15A003B9407 /* LoginViewModel.swift in Sources */,
				E7AC19E027E2A14B003B9407 /* LoginView.swift in Sources */,
				E74AA63D27E5152300733319 /* StoredPhoto.swift in Sources */,
				E7AC19ED27E2B4C6003B9407 /* TextFieldModifier.swift in Sources */,
				E7AC19F527E3D30D003B9407 /* RegisterView.swift in Sources */,
				E7AC19D227E29D13003B9407 /* ContentView.swift in Sources */,
				E787F7E827E52F0500540F06 /* Storage.swift in Sources */,
				E737E02F27E7E6C6007067AD /* PhotoCarouselViewModel.swift in Sources */,
				E7AC19F727E3D36B003B9407 /* RegisterViewModel.swift in Sources */,
				E7AC19D027E29D13003B9407 /* PhotoApp.swift in Sources */,
			);
			runOnlyForDeploymentPostprocessing = 0;
		};
/* End PBXSourcesBuildPhase section */

/* Begin PBXVariantGroup section */
		E7AC1A0327E40447003B9407 /* Localizable.strings */ = {
			isa = PBXVariantGroup;
			children = (
				E7AC1A0227E40447003B9407 /* ru */,
				E7AC1A0427E4044A003B9407 /* en */,
			);
			name = Localizable.strings;
			sourceTree = "<group>";
		};
/* End PBXVariantGroup section */

/* Begin XCBuildConfiguration section */
		E7AC19D827E29D15003B9407 /* Debug */ = {
			isa = XCBuildConfiguration;
			buildSettings = {
				ALWAYS_SEARCH_USER_PATHS = NO;
				CLANG_ANALYZER_NONNULL = YES;
				CLANG_ANALYZER_NUMBER_OBJECT_CONVERSION = YES_AGGRESSIVE;
				CLANG_CXX_LANGUAGE_STANDARD = "gnu++17";
				CLANG_ENABLE_MODULES = YES;
				CLANG_ENABLE_OBJC_ARC = YES;
				CLANG_ENABLE_OBJC_WEAK = YES;
				CLANG_WARN_BLOCK_CAPTURE_AUTORELEASING = YES;
				CLANG_WARN_BOOL_CONVERSION = YES;
				CLANG_WARN_COMMA = YES;
				CLANG_WARN_CONSTANT_CONVERSION = YES;
				CLANG_WARN_DEPRECATED_OBJC_IMPLEMENTATIONS = YES;
				CLANG_WARN_DIRECT_OBJC_ISA_USAGE = YES_ERROR;
				CLANG_WARN_DOCUMENTATION_COMMENTS = YES;
				CLANG_WARN_EMPTY_BODY = YES;
				CLANG_WARN_ENUM_CONVERSION = YES;
				CLANG_WARN_INFINITE_RECURSION = YES;
				CLANG_WARN_INT_CONVERSION = YES;
				CLANG_WARN_NON_LITERAL_NULL_CONVERSION = YES;
				CLANG_WARN_OBJC_IMPLICIT_RETAIN_SELF = YES;
				CLANG_WARN_OBJC_LITERAL_CONVERSION = YES;
				CLANG_WARN_OBJC_ROOT_CLASS = YES_ERROR;
				CLANG_WARN_QUOTED_INCLUDE_IN_FRAMEWORK_HEADER = YES;
				CLANG_WARN_RANGE_LOOP_ANALYSIS = YES;
				CLANG_WARN_STRICT_PROTOTYPES = YES;
				CLANG_WARN_SUSPICIOUS_MOVE = YES;
				CLANG_WARN_UNGUARDED_AVAILABILITY = YES_AGGRESSIVE;
				CLANG_WARN_UNREACHABLE_CODE = YES;
				CLANG_WARN__DUPLICATE_METHOD_MATCH = YES;
				COPY_PHASE_STRIP = NO;
				DEBUG_INFORMATION_FORMAT = dwarf;
				ENABLE_STRICT_OBJC_MSGSEND = YES;
				ENABLE_TESTABILITY = YES;
				GCC_C_LANGUAGE_STANDARD = gnu11;
				GCC_DYNAMIC_NO_PIC = NO;
				GCC_NO_COMMON_BLOCKS = YES;
				GCC_OPTIMIZATION_LEVEL = 0;
				GCC_PREPROCESSOR_DEFINITIONS = (
					"DEBUG=1",
					"$(inherited)",
				);
				GCC_WARN_64_TO_32_BIT_CONVERSION = YES;
				GCC_WARN_ABOUT_RETURN_TYPE = YES_ERROR;
				GCC_WARN_UNDECLARED_SELECTOR = YES;
				GCC_WARN_UNINITIALIZED_AUTOS = YES_AGGRESSIVE;
				GCC_WARN_UNUSED_FUNCTION = YES;
				GCC_WARN_UNUSED_VARIABLE = YES;
				IPHONEOS_DEPLOYMENT_TARGET = 15.4;
				MTL_ENABLE_DEBUG_INFO = INCLUDE_SOURCE;
				MTL_FAST_MATH = YES;
				ONLY_ACTIVE_ARCH = YES;
				SDKROOT = iphoneos;
				SWIFT_ACTIVE_COMPILATION_CONDITIONS = DEBUG;
				SWIFT_EMIT_LOC_STRINGS = NO;
				SWIFT_OPTIMIZATION_LEVEL = "-Onone";
			};
			name = Debug;
		};
		E7AC19D927E29D15003B9407 /* Release */ = {
			isa = XCBuildConfiguration;
			buildSettings = {
				ALWAYS_SEARCH_USER_PATHS = NO;
				CLANG_ANALYZER_NONNULL = YES;
				CLANG_ANALYZER_NUMBER_OBJECT_CONVERSION = YES_AGGRESSIVE;
				CLANG_CXX_LANGUAGE_STANDARD = "gnu++17";
				CLANG_ENABLE_MODULES = YES;
				CLANG_ENABLE_OBJC_ARC = YES;
				CLANG_ENABLE_OBJC_WEAK = YES;
				CLANG_WARN_BLOCK_CAPTURE_AUTORELEASING = YES;
				CLANG_WARN_BOOL_CONVERSION = YES;
				CLANG_WARN_COMMA = YES;
				CLANG_WARN_CONSTANT_CONVERSION = YES;
				CLANG_WARN_DEPRECATED_OBJC_IMPLEMENTATIONS = YES;
				CLANG_WARN_DIRECT_OBJC_ISA_USAGE = YES_ERROR;
				CLANG_WARN_DOCUMENTATION_COMMENTS = YES;
				CLANG_WARN_EMPTY_BODY = YES;
				CLANG_WARN_ENUM_CONVERSION = YES;
				CLANG_WARN_INFINITE_RECURSION = YES;
				CLANG_WARN_INT_CONVERSION = YES;
				CLANG_WARN_NON_LITERAL_NULL_CONVERSION = YES;
				CLANG_WARN_OBJC_IMPLICIT_RETAIN_SELF = YES;
				CLANG_WARN_OBJC_LITERAL_CONVERSION = YES;
				CLANG_WARN_OBJC_ROOT_CLASS = YES_ERROR;
				CLANG_WARN_QUOTED_INCLUDE_IN_FRAMEWORK_HEADER = YES;
				CLANG_WARN_RANGE_LOOP_ANALYSIS = YES;
				CLANG_WARN_STRICT_PROTOTYPES = YES;
				CLANG_WARN_SUSPICIOUS_MOVE = YES;
				CLANG_WARN_UNGUARDED_AVAILABILITY = YES_AGGRESSIVE;
				CLANG_WARN_UNREACHABLE_CODE = YES;
				CLANG_WARN__DUPLICATE_METHOD_MATCH = YES;
				COPY_PHASE_STRIP = NO;
				DEBUG_INFORMATION_FORMAT = "dwarf-with-dsym";
				ENABLE_NS_ASSERTIONS = NO;
				ENABLE_STRICT_OBJC_MSGSEND = YES;
				GCC_C_LANGUAGE_STANDARD = gnu11;
				GCC_NO_COMMON_BLOCKS = YES;
				GCC_WARN_64_TO_32_BIT_CONVERSION = YES;
				GCC_WARN_ABOUT_RETURN_TYPE = YES_ERROR;
				GCC_WARN_UNDECLARED_SELECTOR = YES;
				GCC_WARN_UNINITIALIZED_AUTOS = YES_AGGRESSIVE;
				GCC_WARN_UNUSED_FUNCTION = YES;
				GCC_WARN_UNUSED_VARIABLE = YES;
				IPHONEOS_DEPLOYMENT_TARGET = 15.4;
				MTL_ENABLE_DEBUG_INFO = NO;
				MTL_FAST_MATH = YES;
				SDKROOT = iphoneos;
				SWIFT_COMPILATION_MODE = wholemodule;
				SWIFT_EMIT_LOC_STRINGS = NO;
				SWIFT_OPTIMIZATION_LEVEL = "-O";
				VALIDATE_PRODUCT = YES;
			};
			name = Release;
		};
		E7AC19DB27E29D15003B9407 /* Debug */ = {
			isa = XCBuildConfiguration;
			buildSettings = {
				ASSETCATALOG_COMPILER_APPICON_NAME = AppIcon;
				ASSETCATALOG_COMPILER_GLOBAL_ACCENT_COLOR_NAME = AccentColor;
				CODE_SIGN_STYLE = Automatic;
				CURRENT_PROJECT_VERSION = 1;
				DEVELOPMENT_ASSET_PATHS = "\"PhotoApp/Preview Content\"";
				DEVELOPMENT_TEAM = 5YX78AXA2X;
				ENABLE_PREVIEWS = YES;
				GENERATE_INFOPLIST_FILE = YES;
				INFOPLIST_KEY_NSCameraUsageDescription = "We need to access your camera to take photos.";
				INFOPLIST_KEY_UIApplicationSceneManifest_Generation = YES;
				INFOPLIST_KEY_UIApplicationSupportsIndirectInputEvents = YES;
				INFOPLIST_KEY_UILaunchScreen_Generation = YES;
				INFOPLIST_KEY_UISupportedInterfaceOrientations_iPad = "UIInterfaceOrientationPortrait UIInterfaceOrientationPortraitUpsideDown UIInterfaceOrientationLandscapeLeft UIInterfaceOrientationLandscapeRight";
				INFOPLIST_KEY_UISupportedInterfaceOrientations_iPhone = "UIInterfaceOrientationPortrait UIInterfaceOrientationLandscapeLeft UIInterfaceOrientationLandscapeRight";
				IPHONEOS_DEPLOYMENT_TARGET = 15.2;
				LD_RUNPATH_SEARCH_PATHS = (
					"$(inherited)",
					"@executable_path/Frameworks",
				);
				MARKETING_VERSION = 1.0;
				PRODUCT_BUNDLE_IDENTIFIER = com.KotovApp.PhotoApp;
				PRODUCT_NAME = "$(TARGET_NAME)";
				SWIFT_EMIT_LOC_STRINGS = YES;
				SWIFT_VERSION = 5.0;
				TARGETED_DEVICE_FAMILY = "1,2";
			};
			name = Debug;
		};
		E7AC19DC27E29D15003B9407 /* Release */ = {
			isa = XCBuildConfiguration;
			buildSettings = {
				ASSETCATALOG_COMPILER_APPICON_NAME = AppIcon;
				ASSETCATALOG_COMPILER_GLOBAL_ACCENT_COLOR_NAME = AccentColor;
				CODE_SIGN_STYLE = Automatic;
				CURRENT_PROJECT_VERSION = 1;
				DEVELOPMENT_ASSET_PATHS = "\"PhotoApp/Preview Content\"";
				DEVELOPMENT_TEAM = 5YX78AXA2X;
				ENABLE_PREVIEWS = YES;
				GENERATE_INFOPLIST_FILE = YES;
				INFOPLIST_KEY_NSCameraUsageDescription = "We need to access your camera to take photos.";
				INFOPLIST_KEY_UIApplicationSceneManifest_Generation = YES;
				INFOPLIST_KEY_UIApplicationSupportsIndirectInputEvents = YES;
				INFOPLIST_KEY_UILaunchScreen_Generation = YES;
				INFOPLIST_KEY_UISupportedInterfaceOrientations_iPad = "UIInterfaceOrientationPortrait UIInterfaceOrientationPortraitUpsideDown UIInterfaceOrientationLandscapeLeft UIInterfaceOrientationLandscapeRight";
				INFOPLIST_KEY_UISupportedInterfaceOrientations_iPhone = "UIInterfaceOrientationPortrait UIInterfaceOrientationLandscapeLeft UIInterfaceOrientationLandscapeRight";
				IPHONEOS_DEPLOYMENT_TARGET = 15.2;
				LD_RUNPATH_SEARCH_PATHS = (
					"$(inherited)",
					"@executable_path/Frameworks",
				);
				MARKETING_VERSION = 1.0;
				PRODUCT_BUNDLE_IDENTIFIER = com.KotovApp.PhotoApp;
				PRODUCT_NAME = "$(TARGET_NAME)";
				SWIFT_EMIT_LOC_STRINGS = YES;
				SWIFT_VERSION = 5.0;
				TARGETED_DEVICE_FAMILY = "1,2";
			};
			name = Release;
		};
/* End XCBuildConfiguration section */

/* Begin XCConfigurationList section */
		E7AC19C727E29D13003B9407 /* Build configuration list for PBXProject "PhotoApp" */ = {
			isa = XCConfigurationList;
			buildConfigurations = (
				E7AC19D827E29D15003B9407 /* Debug */,
				E7AC19D927E29D15003B9407 /* Release */,
			);
			defaultConfigurationIsVisible = 0;
			defaultConfigurationName = Release;
		};
		E7AC19DA27E29D15003B9407 /* Build configuration list for PBXNativeTarget "PhotoApp" */ = {
			isa = XCConfigurationList;
			buildConfigurations = (
				E7AC19DB27E29D15003B9407 /* Debug */,
				E7AC19DC27E29D15003B9407 /* Release */,
			);
			defaultConfigurationIsVisible = 0;
			defaultConfigurationName = Release;
		};
/* End XCConfigurationList section */
	};
	rootObject = E7AC19C427E29D13003B9407 /* Project object */;
}
